<?xml version="1.0" encoding="utf-8"?>
<Project ToolsVersion="4.0" xmlns="http://schemas.microsoft.com/developer/msbuild/2003">
  <ItemGroup>
    <Filter Include="Source Files">
      <UniqueIdentifier>{e800c96b-5c73-4813-a9a6-3c96126a0640}</UniqueIdentifier>
      <Extensions>cpp;c;cxx;def;odl;idl;hpj;bat;asm</Extensions>
    </Filter>
    <Filter Include="Header Files">
      <UniqueIdentifier>{aed97496-9007-4882-a00f-8468bb7c05dc}</UniqueIdentifier>
      <Extensions>h;hpp;hxx;hm;inl;inc</Extensions>
    </Filter>
    <Filter Include="Resource Files">
      <UniqueIdentifier>{03f5bcc0-901c-4663-b350-541d14fc37e9}</UniqueIdentifier>
      <Extensions>rc;ico;cur;bmp;dlg;rc2;rct;bin;rgs;jpg;jpeg;jpe;manifest</Extensions>
    </Filter>
  </ItemGroup>
  <ItemGroup>
    <ClCompile Include="stdafx.cpp">
      <Filter>Source Files</Filter>
    </ClCompile>
    <ClCompile Include="CuteSqlite.cpp">
      <Filter>Source Files</Filter>
    </ClCompile>
    <ClCompile Include="MainFrm.cpp">
      <Filter>Source Files</Filter>
    </ClCompile>
    <ClCompile Include="AboutDlg.cpp">
      <Filter>Source Files</Filter>
    </ClCompile>
    <ClCompile Include="HomeView.cpp">
      <Filter>Source Files</Filter>
    </ClCompile>
    <ClCompile Include="ui\home\HomePanel.cpp">
      <Filter>Source Files</Filter>
    </ClCompile>
    <ClCompile Include="ui\home\LeftPanel.cpp">
      <Filter>Source Files</Filter>
    </ClCompile>
    <ClCompile Include="common\AppContext.cpp">
      <Filter>Source Files</Filter>
    </ClCompile>
    <ClCompile Include="common\MsgDispatcher.cpp">
      <Filter>Source Files</Filter>
    </ClCompile>
    <ClCompile Include="ui\common\button\QImageButton.cpp">
      <Filter>Source Files</Filter>
    </ClCompile>
    <ClCompile Include="utils\ColorUtil.cpp">
      <Filter>Source Files</Filter>
    </ClCompile>
    <ClCompile Include="utils\Log.cpp">
      <Filter>Source Files</Filter>
    </ClCompile>
    <ClCompile Include="utils\ResourceUtil.cpp">
      <Filter>Source Files</Filter>
    </ClCompile>
    <ClCompile Include="core\common\exception\QRuntimeException.cpp">
      <Filter>Source Files</Filter>
    </ClCompile>
    <ClCompile Include="core\common\Lang.cpp">
      <Filter>Source Files</Filter>
    </ClCompile>
    <ClCompile Include="core\common\repository\QSqlColumn.cpp">
      <Filter>Source Files</Filter>
    </ClCompile>
    <ClCompile Include="core\common\repository\QSqlDatabase.cpp">
      <Filter>Source Files</Filter>
    </ClCompile>
    <ClCompile Include="core\common\repository\QSqlException.cpp">
      <Filter>Source Files</Filter>
    </ClCompile>
    <ClCompile Include="core\common\repository\QSqlStatement.cpp">
      <Filter>Source Files</Filter>
    </ClCompile>
    <ClCompile Include="core\service\system\SettingService.cpp">
      <Filter>Source Files</Filter>
    </ClCompile>
    <ClCompile Include="core\repository\system\SysInitRepository.cpp">
      <Filter>Source Files</Filter>
    </ClCompile>
    <ClCompile Include="utils\GdiUtil.cpp">
      <Filter>Source Files</Filter>
    </ClCompile>
    <ClCompile Include="ui\database\DatabasePanel.cpp">
      <Filter>Source Files</Filter>
    </ClCompile>
    <ClCompile Include="ui\database\leftview\LeftTreeView.cpp">
      <Filter>Source Files</Filter>
    </ClCompile>
    <ClCompile Include="core\service\db\DatabaseService.cpp">
      <Filter>Source Files</Filter>
    </ClCompile>
    <ClCompile Include="ui\common\message\QMessageBox.cpp">
      <Filter>Source Files</Filter>
    </ClCompile>
    <ClCompile Include="ui\common\message\QPopAnimate.cpp">
      <Filter>Source Files</Filter>
    </ClCompile>
    <ClCompile Include="ui\common\image\QImage.cpp">
      <Filter>Source Files</Filter>
    </ClCompile>
    <ClCompile Include="ui\common\image\QImageList.cpp">
      <Filter>Source Files</Filter>
    </ClCompile>
    <ClCompile Include="ui\common\image\QStaticImage.cpp">
      <Filter>Source Files</Filter>
    </ClCompile>
    <ClCompile Include="utils\FontUtil.cpp">
      <Filter>Source Files</Filter>
    </ClCompile>
    <ClCompile Include="core\repository\db\UserDbRepository.cpp">
      <Filter>Source Files</Filter>
    </ClCompile>
    <ClCompile Include="core\repository\user\DatabaseUserRepository.cpp">
      <Filter>Source Files</Filter>
    </ClCompile>
    <ClCompile Include="ui\database\leftview\adapter\LeftTreeViewAdapter.cpp">
      <Filter>Source Files</Filter>
    </ClCompile>
    <ClCompile Include="core\repository\user\TableUserRepository.cpp">
      <Filter>Source Files</Filter>
    </ClCompile>
    <ClCompile Include="core\repository\user\TriggerUserRepository.cpp">
      <Filter>Source Files</Filter>
    </ClCompile>
    <ClCompile Include="core\repository\user\ViewUserRepository.cpp">
      <Filter>Source Files</Filter>
    </ClCompile>
    <ClCompile Include="core\repository\user\IndexUserRepository.cpp">
      <Filter>Source Files</Filter>
    </ClCompile>
    <ClCompile Include="ui\database\rightview\RightWorkView.cpp">
      <Filter>Source Files</Filter>
    </ClCompile>
    <ClCompile Include="ui\common\checkbox\QCheckBox.cpp">
      <Filter>Source Files</Filter>
    </ClCompile>
    <ClCompile Include="ui\common\tabview\QTabView.cpp">
      <Filter>Source Files</Filter>
    </ClCompile>
    <ClCompile Include="ui\common\page\QPage.cpp">
      <Filter>Source Files</Filter>
    </ClCompile>
    <ClCompile Include="ui\database\rightview\page\QueryPage.cpp">
      <Filter>Source Files</Filter>
    </ClCompile>
    <ClCompile Include="ui\database\rightview\page\result\ResultTabView.cpp">
      <Filter>Source Files</Filter>
    </ClCompile>
    <ClCompile Include="ui\database\rightview\page\result\ResultListPage.cpp">
      <Filter>Source Files</Filter>
    </ClCompile>
    <ClCompile Include="ui\database\rightview\page\result\ResultInfoPage.cpp">
      <Filter>Source Files</Filter>
    </ClCompile>
    <ClCompile Include="ui\database\rightview\page\result\ResultTableDataPage.cpp">
      <Filter>Source Files</Filter>
    </ClCompile>
    <ClCompile Include="ui\database\supplier\DatabaseSupplier.cpp">
      <Filter>Source Files</Filter>
    </ClCompile>
    <ClCompile Include="ui\common\page\QHelpPage.cpp">
      <Filter>Source Files</Filter>
    </ClCompile>
    <ClCompile Include="ui\common\edit\QHelpEdit.cpp">
      <Filter>Source Files</Filter>
    </ClCompile>
    <ClCompile Include="ui\common\edit\QSqlEdit.cpp">
      <Filter>Source Files</Filter>
    </ClCompile>
    <ClCompile Include="utils\SqlUtil.cpp">
      <Filter>Source Files</Filter>
    </ClCompile>
    <ClCompile Include="ui\database\rightview\page\result\adapter\ResultListPageAdapter.cpp">
      <Filter>Source Files</Filter>
    </ClCompile>
    <ClCompile Include="core\service\db\SqlService.cpp">
      <Filter>Source Files</Filter>
    </ClCompile>
    <ClCompile Include="core\repository\user\SqlExecutorUserRepository.cpp">
      <Filter>Source Files</Filter>
    </ClCompile>
    <ClCompile Include="ui\common\button\QDropButton.cpp">
      <Filter>Source Files</Filter>
    </ClCompile>
    <ClCompile Include="ui\common\button\QImageTextButton.cpp">
      <Filter>Source Files</Filter>
    </ClCompile>
    <ClCompile Include="ui\database\rightview\page\result\dialog\ExportResultDialog.cpp">
      <Filter>Source Files</Filter>
    </ClCompile>
    <ClCompile Include="core\service\export\ExportResultService.cpp">
      <Filter>Source Files</Filter>
    </ClCompile>
    <ClCompile Include="core\repository\user\ColumnUserRepository.cpp">
      <Filter>Source Files</Filter>
    </ClCompile>
    <ClCompile Include="utils\ClipboardUtil.cpp">
      <Filter>Source Files</Filter>
    </ClCompile>
    <ClCompile Include="ui\database\rightview\page\result\form\RowDataFormView.cpp">
      <Filter>Source Files</Filter>
    </ClCompile>
    <ClCompile Include="ui\database\rightview\page\result\dialog\ResultFilterDialog.cpp">
      <Filter>Source Files</Filter>
    </ClCompile>
    <ClCompile Include="ui\common\listview\QListViewCtrl.cpp">
      <Filter>Source Files</Filter>
    </ClCompile>
    <ClCompile Include="utils\PerformUtil.cpp">
      <Filter>Source Files</Filter>
    </ClCompile>
    <ClCompile Include="ui\database\leftview\adapter\DatabaseMenuAdapter.cpp">
      <Filter>Source Files</Filter>
    </ClCompile>
    <ClCompile Include="ui\database\leftview\adapter\TableMenuAdapter.cpp">
      <Filter>Source Files</Filter>
    </ClCompile>
    <ClCompile Include="ui\database\dialog\ExportAsSqlDialog.cpp">
      <Filter>Source Files</Filter>
    </ClCompile>
    <ClCompile Include="ui\database\dialog\adapter\ExportDatabaseAdapter.cpp">
      <Filter>Source Files</Filter>
    </ClCompile>
    <ClCompile Include="ui\database\dialog\adapter\ObjectsTreeViewAdapter.cpp">
      <Filter>Source Files</Filter>
    </ClCompile>
    <ClCompile Include="ui\common\process\QProcessBar.cpp">
      <Filter>Source Files</Filter>
    </ClCompile>
    <ClCompile Include="core\service\export\ExportDatabaseObjectsService.cpp">
      <Filter>Source Files</Filter>
    </ClCompile>
    <ClCompile Include="core\service\db\TableService.cpp">
      <Filter>Source Files</Filter>
    </ClCompile>
    <ClCompile Include="ui\database\dialog\adapter\ImportDatabaseAdapter.cpp">
      <Filter>Source Files</Filter>
    </ClCompile>
    <ClCompile Include="ui\database\dialog\ImportFromSqlDialog.cpp">
      <Filter>Source Files</Filter>
    </ClCompile>
    <ClCompile Include="ui\database\rightview\page\table\TableTabView.cpp">
      <Filter>Source Files</Filter>
    </ClCompile>
    <ClCompile Include="ui\database\rightview\page\table\TableColumnsPage.cpp">
      <Filter>Source Files</Filter>
    </ClCompile>
    <ClCompile Include="ui\database\rightview\page\table\adapter\TableColumnsPageAdapter.cpp">
      <Filter>Source Files</Filter>
    </ClCompile>
    <ClCompile Include="ui\common\treeview\QTreeViewCtrl.cpp">
      <Filter>Source Files</Filter>
    </ClCompile>
    <ClCompile Include="ui\database\rightview\page\table\adapter\TableIndexesPageAdapter.cpp">
      <Filter>Source Files</Filter>
    </ClCompile>
    <ClCompile Include="ui\database\rightview\page\table\TableIndexesPage.cpp">
      <Filter>Source Files</Filter>
    </ClCompile>
    <ClCompile Include="ui\database\rightview\page\table\dialog\TableIndexColumnsDialog.cpp">
      <Filter>Source Files</Filter>
    </ClCompile>
    <ClCompile Include="ui\database\rightview\page\TableStructurePage.cpp">
      <Filter>Source Files</Filter>
    </ClCompile>
    <ClCompile Include="core\common\exception\QSqlExecuteException.cpp">
      <Filter>Source Files</Filter>
    </ClCompile>
    <ClCompile Include="utils\SavePointUtil.cpp">
      <Filter>Source Files</Filter>
    </ClCompile>
    <ClCompile Include="ui\database\rightview\page\dialog\ViewDialog.cpp">
      <Filter>Source Files</Filter>
    </ClCompile>
    <ClCompile Include="ui\database\rightview\page\dialog\TriggerDialog.cpp">
      <Filter>Source Files</Filter>
    </ClCompile>
    <ClCompile Include="ui\database\rightview\page\HistoryPage.cpp">
      <Filter>Source Files</Filter>
    </ClCompile>
    <ClCompile Include="core\common\repository\QConnect.cpp">
      <Filter>Source Files</Filter>
    </ClCompile>
    <ClCompile Include="utils\MenuUtil.cpp">
      <Filter>Source Files</Filter>
    </ClCompile>
    <ClCompile Include="utils\EntityUtil.cpp">
      <Filter>Source Files</Filter>
    </ClCompile>
    <ClCompile Include="ui\database\rightview\page\table\adapter\TableForeignkeysPageAdapter.cpp">
      <Filter>Source Files</Filter>
    </ClCompile>
    <ClCompile Include="ui\database\rightview\page\table\TableForeignkeysPage.cpp">
      <Filter>Source Files</Filter>
    </ClCompile>
    <ClCompile Include="ui\database\rightview\page\table\dialog\AbstractTableColumnsDialog.cpp">
      <Filter>Source Files</Filter>
    </ClCompile>
    <ClCompile Include="ui\database\rightview\page\table\dialog\TableForeignkeyColumnsDialog.cpp">
      <Filter>Source Files</Filter>
    </ClCompile>
    <ClCompile Include="ui\database\leftview\dialog\RenameTableDialog.cpp">
      <Filter>Source Files</Filter>
    </ClCompile>
    <ClCompile Include="ui\database\rightview\common\QPageSupplier.cpp">
      <Filter>Source Files</Filter>
    </ClCompile>
    <ClCompile Include="ui\database\leftview\dialog\CopyTableDialog.cpp">
      <Filter>Source Files</Filter>
    </ClCompile>
    <ClCompile Include="ui\database\leftview\dialog\adapter\CopyTableAdapter.cpp">
      <Filter>Source Files</Filter>
    </ClCompile>
    <ClCompile Include="ui\database\leftview\dialog\supplier\CopyTableSupplier.cpp">
      <Filter>Source Files</Filter>
    </ClCompile>
    <ClCompile Include="core\common\supplier\QSupplier.cpp">
      <Filter>Source Files</Filter>
    </ClCompile>
    <ClCompile Include="ui\database\leftview\dialog\PreviewSqlDialog.cpp">
      <Filter>Source Files</Filter>
    </ClCompile>
    <ClCompile Include="ui\database\leftview\dialog\ExpressDialog.cpp">
      <Filter>Source Files</Filter>
    </ClCompile>
    <ClCompile Include="ui\database\dialog\ImportFromCsvDialog.cpp">
      <Filter>Source Files</Filter>
    </ClCompile>
    <ClCompile Include="ui\database\dialog\supplier\ImportFromCsvSupplier.cpp">
      <Filter>Source Files</Filter>
    </ClCompile>
    <ClCompile Include="ui\database\dialog\adapter\ImportFromCsvAdapter.cpp">
      <Filter>Source Files</Filter>
    </ClCompile>
    <ClCompile Include="utils\FileUtil.cpp">
      <Filter>Source Files</Filter>
    </ClCompile>
    <ClCompile Include="utils\StringUtil.cpp">
      <Filter>Source Files</Filter>
    </ClCompile>
    <ClCompile Include="ui\database\rightview\page\result\TablePropertiesPage.cpp">
      <Filter>Source Files</Filter>
    </ClCompile>
    <ClCompile Include="ui\database\rightview\page\adapter\SqlEditorAdapter.cpp">
      <Filter>Source Files</Filter>
    </ClCompile>
    <ClCompile Include="ui\database\rightview\page\supplier\QueryPageSupplier.cpp">
      <Filter>Source Files</Filter>
    </ClCompile>
    <ClCompile Include="ui\database\rightview\page\supplier\TableStructureSupplier.cpp">
      <Filter>Source Files</Filter>
    </ClCompile>
  </ItemGroup>
  <ItemGroup>
    <ClInclude Include="stdafx.h">
      <Filter>Header Files</Filter>
    </ClInclude>
    <ClInclude Include="MainFrm.h">
      <Filter>Header Files</Filter>
    </ClInclude>
    <ClInclude Include="AboutDlg.h">
      <Filter>Header Files</Filter>
    </ClInclude>
    <ClInclude Include="resource.h">
      <Filter>Header Files</Filter>
    </ClInclude>
    <ClInclude Include="HomeView.h">
      <Filter>Header Files</Filter>
    </ClInclude>
    <ClInclude Include="ui\home\HomePanel.h">
      <Filter>Header Files</Filter>
    </ClInclude>
    <ClInclude Include="ui\home\LeftPanel.h">
      <Filter>Header Files</Filter>
    </ClInclude>
    <ClInclude Include="common\AppContext.h">
      <Filter>Header Files</Filter>
    </ClInclude>
    <ClInclude Include="common\Config.h">
      <Filter>Header Files</Filter>
    </ClInclude>
    <ClInclude Include="common\MsgDispatcher.h">
      <Filter>Header Files</Filter>
    </ClInclude>
    <ClInclude Include="ui\common\button\QImageButton.h">
      <Filter>Header Files</Filter>
    </ClInclude>
    <ClInclude Include="utils\ResourceUtil.h">
      <Filter>Header Files</Filter>
    </ClInclude>
    <ClInclude Include="utils\ColorUtil.h">
      <Filter>Header Files</Filter>
    </ClInclude>
    <ClInclude Include="utils\Log.h">
      <Filter>Header Files</Filter>
    </ClInclude>
    <ClInclude Include="core\common\exception\QRuntimeException.h">
      <Filter>Header Files</Filter>
    </ClInclude>
    <ClInclude Include="core\common\Lang.h">
      <Filter>Header Files</Filter>
    </ClInclude>
    <ClInclude Include="core\common\repository\BaseRepository.h">
      <Filter>Header Files</Filter>
    </ClInclude>
    <ClInclude Include="core\common\repository\QSqlUtil.h">
      <Filter>Header Files</Filter>
    </ClInclude>
    <ClInclude Include="core\common\repository\QSqlAssert.h">
      <Filter>Header Files</Filter>
    </ClInclude>
    <ClInclude Include="core\common\repository\QSqlColumn.h">
      <Filter>Header Files</Filter>
    </ClInclude>
    <ClInclude Include="core\common\repository\QSqlDatabase.h">
      <Filter>Header Files</Filter>
    </ClInclude>
    <ClInclude Include="core\common\repository\QSqlException.h">
      <Filter>Header Files</Filter>
    </ClInclude>
    <ClInclude Include="core\common\repository\QSqlStatement.h">
      <Filter>Header Files</Filter>
    </ClInclude>
    <ClInclude Include="core\common\service\BaseService.h">
      <Filter>Header Files</Filter>
    </ClInclude>
    <ClInclude Include="core\service\system\SettingService.h">
      <Filter>Header Files</Filter>
    </ClInclude>
    <ClInclude Include="core\entity\Entity.h">
      <Filter>Header Files</Filter>
    </ClInclude>
    <ClInclude Include="core\repository\system\SysInitRepository.h">
      <Filter>Header Files</Filter>
    </ClInclude>
    <ClInclude Include="utils\StringUtil.h">
      <Filter>Header Files</Filter>
    </ClInclude>
    <ClInclude Include="utils\FileUtil.h">
      <Filter>Header Files</Filter>
    </ClInclude>
    <ClInclude Include="utils\ThreadUtil.h">
      <Filter>Header Files</Filter>
    </ClInclude>
    <ClInclude Include="utils\DateUtil.h">
      <Filter>Header Files</Filter>
    </ClInclude>
    <ClInclude Include="utils\GdiPlusUtil.h">
      <Filter>Header Files</Filter>
    </ClInclude>
    <ClInclude Include="utils\GdiUtil.h">
      <Filter>Header Files</Filter>
    </ClInclude>
    <ClInclude Include="utils\ProfileUtil.h">
      <Filter>Header Files</Filter>
    </ClInclude>
    <ClInclude Include="ui\database\DatabasePanel.h">
      <Filter>Header Files</Filter>
    </ClInclude>
    <ClInclude Include="ui\database\leftview\LeftTreeView.h">
      <Filter>Header Files</Filter>
    </ClInclude>
    <ClInclude Include="core\service\db\DatabaseService.h">
      <Filter>Header Files</Filter>
    </ClInclude>
    <ClInclude Include="ui\common\message\QMessageBox.h">
      <Filter>Header Files</Filter>
    </ClInclude>
    <ClInclude Include="ui\common\message\QPopAnimate.h">
      <Filter>Header Files</Filter>
    </ClInclude>
    <ClInclude Include="ui\common\image\QImage.h">
      <Filter>Header Files</Filter>
    </ClInclude>
    <ClInclude Include="ui\common\image\QImageList.h">
      <Filter>Header Files</Filter>
    </ClInclude>
    <ClInclude Include="ui\common\image\QStaticImage.h">
      <Filter>Header Files</Filter>
    </ClInclude>
    <ClInclude Include="utils\FontUtil.h">
      <Filter>Header Files</Filter>
    </ClInclude>
    <ClInclude Include="ui\common\QWinCreater.h">
      <Filter>Header Files</Filter>
    </ClInclude>
    <ClInclude Include="core\common\repository\BaseUserRepository.h">
      <Filter>Header Files</Filter>
    </ClInclude>
    <ClInclude Include="core\repository\db\UserDbRepository.h">
      <Filter>Header Files</Filter>
    </ClInclude>
    <ClInclude Include="core\repository\user\DatabaseUserRepository.h">
      <Filter>Header Files</Filter>
    </ClInclude>
    <ClInclude Include="ui\database\leftview\adapter\LeftTreeViewAdapter.h">
      <Filter>Header Files</Filter>
    </ClInclude>
    <ClInclude Include="ui\common\adapter\QAdapter.h">
      <Filter>Header Files</Filter>
    </ClInclude>
    <ClInclude Include="core\repository\user\TableUserRepository.h">
      <Filter>Header Files</Filter>
    </ClInclude>
    <ClInclude Include="core\repository\user\TriggerUserRepository.h">
      <Filter>Header Files</Filter>
    </ClInclude>
    <ClInclude Include="core\repository\user\ViewUserRepository.h">
      <Filter>Header Files</Filter>
    </ClInclude>
    <ClInclude Include="core\repository\user\IndexUserRepository.h">
      <Filter>Header Files</Filter>
    </ClInclude>
    <ClInclude Include="ui\database\rightview\RightWorkView.h">
      <Filter>Header Files</Filter>
    </ClInclude>
    <ClInclude Include="ui\common\checkbox\QCheckBox.h">
      <Filter>Header Files</Filter>
    </ClInclude>
    <ClInclude Include="ui\common\tabview\QTabView.h">
      <Filter>Header Files</Filter>
    </ClInclude>
    <ClInclude Include="ui\common\page\QPage.h">
      <Filter>Header Files</Filter>
    </ClInclude>
    <ClInclude Include="ui\database\rightview\page\QueryPage.h">
      <Filter>Header Files</Filter>
    </ClInclude>
    <ClInclude Include="ui\database\rightview\page\result\ResultTabView.h">
      <Filter>Header Files</Filter>
    </ClInclude>
    <ClInclude Include="ui\database\rightview\page\result\ResultListPage.h">
      <Filter>Header Files</Filter>
    </ClInclude>
    <ClInclude Include="ui\database\rightview\page\result\ResultInfoPage.h">
      <Filter>Header Files</Filter>
    </ClInclude>
    <ClInclude Include="ui\database\rightview\page\result\ResultTableDataPage.h">
      <Filter>Header Files</Filter>
    </ClInclude>
    <ClInclude Include="ui\database\supplier\DatabaseSupplier.h">
      <Filter>Header Files</Filter>
    </ClInclude>
    <ClInclude Include="ui\common\page\QHelpPage.h">
      <Filter>Header Files</Filter>
    </ClInclude>
    <ClInclude Include="ui\common\edit\QHelpEdit.h">
      <Filter>Header Files</Filter>
    </ClInclude>
    <ClInclude Include="ui\common\edit\QSqlEdit.h">
      <Filter>Header Files</Filter>
    </ClInclude>
    <ClInclude Include="utils\SqlUtil.h">
      <Filter>Header Files</Filter>
    </ClInclude>
    <ClInclude Include="ui\database\rightview\page\result\adapter\ResultListPageAdapter.h">
      <Filter>Header Files</Filter>
    </ClInclude>
    <ClInclude Include="core\service\db\SqlService.h">
      <Filter>Header Files</Filter>
    </ClInclude>
    <ClInclude Include="core\repository\user\SqlExecutorUserRepository.h">
      <Filter>Header Files</Filter>
    </ClInclude>
    <ClInclude Include="ui\common\button\QDropButton.h">
      <Filter>Header Files</Filter>
    </ClInclude>
    <ClInclude Include="ui\common\button\QImageTextButton.h">
      <Filter>Header Files</Filter>
    </ClInclude>
    <ClInclude Include="ui\database\rightview\page\result\dialog\ExportResultDialog.h">
      <Filter>Header Files</Filter>
    </ClInclude>
    <ClInclude Include="ui\common\dialog\QDialog.h">
      <Filter>Header Files</Filter>
    </ClInclude>
    <ClInclude Include="core\service\export\ExportResultService.h">
      <Filter>Header Files</Filter>
    </ClInclude>
    <ClInclude Include="core\repository\user\ColumnUserRepository.h">
      <Filter>Header Files</Filter>
    </ClInclude>
    <ClInclude Include="utils\ClipboardUtil.h">
      <Filter>Header Files</Filter>
    </ClInclude>
    <ClInclude Include="ui\database\rightview\page\result\form\RowDataFormView.h">
      <Filter>Header Files</Filter>
    </ClInclude>
    <ClInclude Include="ui\database\rightview\page\result\dialog\ResultFilterDialog.h">
      <Filter>Header Files</Filter>
    </ClInclude>
    <ClInclude Include="ui\common\listview\QListViewCtrl.h">
      <Filter>Header Files</Filter>
    </ClInclude>
    <ClInclude Include="utils\PerformUtil.h">
      <Filter>Header Files</Filter>
    </ClInclude>
    <ClInclude Include="ui\database\leftview\adapter\DatabaseMenuAdapter.h">
      <Filter>Header Files</Filter>
    </ClInclude>
    <ClInclude Include="ui\database\leftview\adapter\TableMenuAdapter.h">
      <Filter>Header Files</Filter>
    </ClInclude>
    <ClInclude Include="ui\database\dialog\ExportAsSqlDialog.h">
      <Filter>Header Files</Filter>
    </ClInclude>
    <ClInclude Include="ui\database\dialog\adapter\ExportDatabaseAdapter.h">
      <Filter>Header Files</Filter>
    </ClInclude>
    <ClInclude Include="ui\database\dialog\adapter\ObjectsTreeViewAdapter.h">
      <Filter>Header Files</Filter>
    </ClInclude>
    <ClInclude Include="ui\common\process\QProcessBar.h">
      <Filter>Header Files</Filter>
    </ClInclude>
    <ClInclude Include="core\service\export\ExportDatabaseObjectsService.h">
      <Filter>Header Files</Filter>
    </ClInclude>
    <ClInclude Include="core\service\db\TableService.h">
      <Filter>Header Files</Filter>
    </ClInclude>
    <ClInclude Include="ui\database\dialog\adapter\ImportDatabaseAdapter.h">
      <Filter>Header Files</Filter>
    </ClInclude>
    <ClInclude Include="ui\database\dialog\ImportFromSqlDialog.h">
      <Filter>Header Files</Filter>
    </ClInclude>
    <ClInclude Include="ui\database\rightview\page\table\TableTabView.h">
      <Filter>Header Files</Filter>
    </ClInclude>
    <ClInclude Include="ui\database\rightview\page\table\TableColumnsPage.h">
      <Filter>Header Files</Filter>
    </ClInclude>
    <ClInclude Include="ui\database\rightview\page\table\adapter\TableColumnsPageAdapter.h">
      <Filter>Header Files</Filter>
    </ClInclude>
    <ClInclude Include="ui\common\treeview\QTreeViewCtrl.h">
      <Filter>Header Files</Filter>
    </ClInclude>
    <ClInclude Include="ui\database\rightview\page\table\adapter\TableIndexesPageAdapter.h">
      <Filter>Header Files</Filter>
    </ClInclude>
    <ClInclude Include="ui\database\rightview\page\table\TableIndexesPage.h">
      <Filter>Header Files</Filter>
    </ClInclude>
    <ClInclude Include="ui\database\rightview\page\table\dialog\TableIndexColumnsDialog.h">
      <Filter>Header Files</Filter>
    </ClInclude>
    <ClInclude Include="ui\database\rightview\page\TableStructurePage.h">
      <Filter>Header Files</Filter>
    </ClInclude>
    <ClInclude Include="core\common\exception\QSqlExecuteException.h">
      <Filter>Header Files</Filter>
    </ClInclude>
    <ClInclude Include="utils\SavePointUtil.h">
      <Filter>Header Files</Filter>
    </ClInclude>
    <ClInclude Include="ui\database\rightview\page\dialog\ViewDialog.h">
      <Filter>Header Files</Filter>
    </ClInclude>
    <ClInclude Include="ui\database\rightview\page\dialog\TriggerDialog.h">
      <Filter>Header Files</Filter>
    </ClInclude>
    <ClInclude Include="ui\database\rightview\page\HistoryPage.h">
      <Filter>Header Files</Filter>
    </ClInclude>
    <ClInclude Include="core\common\repository\QConnect.h">
      <Filter>Header Files</Filter>
    </ClInclude>
    <ClInclude Include="utils\MenuUtil.h">
      <Filter>Header Files</Filter>
    </ClInclude>
    <ClInclude Include="utils\EntityUtil.h">
      <Filter>Header Files</Filter>
    </ClInclude>
    <ClInclude Include="ui\database\rightview\page\table\adapter\TableForeignkeysPageAdapter.h">
      <Filter>Header Files</Filter>
    </ClInclude>
    <ClInclude Include="ui\database\rightview\page\table\TableForeignkeysPage.h">
      <Filter>Header Files</Filter>
    </ClInclude>
    <ClInclude Include="ui\database\rightview\page\table\dialog\AbstractTableColumnsDialog.h">
      <Filter>Header Files</Filter>
    </ClInclude>
    <ClInclude Include="ui\database\rightview\page\table\dialog\TableForeignkeyColumnsDialog.h">
      <Filter>Header Files</Filter>
    </ClInclude>
    <ClInclude Include="ui\database\leftview\dialog\RenameTableDialog.h">
      <Filter>Header Files</Filter>
    </ClInclude>
    <ClInclude Include="ui\database\rightview\common\QPageSupplier.h">
      <Filter>Header Files</Filter>
    </ClInclude>
    <ClInclude Include="ui\database\rightview\common\QTabPage.h">
      <Filter>Header Files</Filter>
    </ClInclude>
    <ClInclude Include="ui\database\leftview\dialog\CopyTableDialog.h">
      <Filter>Header Files</Filter>
    </ClInclude>
    <ClInclude Include="ui\database\leftview\dialog\adapter\CopyTableAdapter.h">
      <Filter>Header Files</Filter>
    </ClInclude>
    <ClInclude Include="ui\database\leftview\dialog\supplier\CopyTableSupplier.h">
      <Filter>Header Files</Filter>
    </ClInclude>
    <ClInclude Include="core\common\supplier\QSupplier.h">
      <Filter>Header Files</Filter>
    </ClInclude>
    <ClInclude Include="ui\database\leftview\dialog\PreviewSqlDialog.h">
      <Filter>Header Files</Filter>
    </ClInclude>
    <ClInclude Include="ui\database\leftview\dialog\ExpressDialog.h">
      <Filter>Header Files</Filter>
    </ClInclude>
    <ClInclude Include="ui\database\dialog\ImportFromCsvDialog.h">
      <Filter>Header Files</Filter>
    </ClInclude>
    <ClInclude Include="ui\database\dialog\supplier\ImportFromCsvSupplier.h">
      <Filter>Header Files</Filter>
    </ClInclude>
    <ClInclude Include="ui\database\dialog\adapter\ImportFromCsvAdapter.h">
      <Filter>Header Files</Filter>
    </ClInclude>
    <ClInclude Include="ui\database\rightview\page\result\TablePropertiesPage.h">
      <Filter>Header Files</Filter>
    </ClInclude>
    <ClInclude Include="ui\common\edit\adapter\QHelpEditAdapter.h">
      <Filter>Header Files</Filter>
    </ClInclude>
    <ClInclude Include="ui\database\rightview\page\adapter\SqlEditorAdapter.h">
      <Filter>Header Files</Filter>
    </ClInclude>
    <ClInclude Include="ui\database\rightview\page\supplier\QueryPageSupplier.h">
      <Filter>Header Files</Filter>
    </ClInclude>
    <ClInclude Include="ui\database\rightview\page\supplier\TableStructureSupplier.h">
      <Filter>Header Files</Filter>
    </ClInclude>
  </ItemGroup>
  <ItemGroup>
    <ResourceCompile Include="CuteSqlite.rc">
      <Filter>Resource Files</Filter>
    </ResourceCompile>
  </ItemGroup>
  <ItemGroup>
    <None Include="res\toolbar.bmp">
      <Filter>Resource Files</Filter>
    </None>
    <None Include="res\CuteSqlite.ico">
      <Filter>Resource Files</Filter>
    </None>
    <None Include="ClassDiagram1.cd" />
    <None Include="res\tpl\export-database-as-sql.tpl" />
  </ItemGroup>
</Project>